
Microsoft Visual Studio Solution File, Format Version 12.00
# Visual Studio Version 16
VisualStudioVersion = 16.0.31624.102
MinimumVisualStudioVersion = 10.0.40219.1
Project("{9A19103F-16F7-4668-BE54-9A1E7A4F7556}") = "Basics", "Basics\Basics.csproj", "{272211AA-18D7-4C25-8BEB-4463A4C20DAD}"
EndProject
Project("{9A19103F-16F7-4668-BE54-9A1E7A4F7556}") = "Generics", "Generics\Generics.csproj", "{ECFEBCF1-3920-42BD-AA09-BAA318D4BA44}"
EndProject
Project("{9A19103F-16F7-4668-BE54-9A1E7A4F7556}") = "IComparable", "IComparable\IComparable.csproj", "{8B0B721C-F0BC-49B6-829F-ED755E72D809}"
EndProject
Project("{9A19103F-16F7-4668-BE54-9A1E7A4F7556}") = "Classes", "Classes\Classes.csproj", "{EE3CB625-57A2-48AF-B6F1-538DEC88B2EC}"
EndProject
Global
	GlobalSection(SolutionConfigurationPlatforms) = preSolution
		Debug|Any CPU = Debug|Any CPU
		Release|Any CPU = Release|Any CPU
	EndGlobalSection
	GlobalSection(ProjectConfigurationPlatforms) = postSolution
		{272211AA-18D7-4C25-8BEB-4463A4C20DAD}.Debug|Any CPU.ActiveCfg = Debug|Any CPU
		{272211AA-18D7-4C25-8BEB-4463A4C20DAD}.Debug|Any CPU.Build.0 = Debug|Any CPU
		{272211AA-18D7-4C25-8BEB-4463A4C20DAD}.Release|Any CPU.ActiveCfg = Release|Any CPU
		{272211AA-18D7-4C25-8BEB-4463A4C20DAD}.Release|Any CPU.Build.0 = Release|Any CPU
		{ECFEBCF1-3920-42BD-AA09-BAA318D4BA44}.Debug|Any CPU.ActiveCfg = Debug|Any CPU
		{ECFEBCF1-3920-42BD-AA09-BAA318D4BA44}.Debug|Any CPU.Build.0 = Debug|Any CPU
		{ECFEBCF1-3920-42BD-AA09-BAA318D4BA44}.Release|Any CPU.ActiveCfg = Release|Any CPU
		{ECFEBCF1-3920-42BD-AA09-BAA318D4BA44}.Release|Any CPU.Build.0 = Release|Any CPU
		{8B0B721C-F0BC-49B6-829F-ED755E72D809}.Debug|Any CPU.ActiveCfg = Debug|Any CPU
		{8B0B721C-F0BC-49B6-829F-ED755E72D809}.Debug|Any CPU.Build.0 = Debug|Any CPU
		{8B0B721C-F0BC-49B6-829F-ED755E72D809}.Release|Any CPU.ActiveCfg = Release|Any CPU
		{8B0B721C-F0BC-49B6-829F-ED755E72D809}.Release|Any CPU.Build.0 = Release|Any CPU
		{EE3CB625-57A2-48AF-B6F1-538DEC88B2EC}.Debug|Any CPU.ActiveCfg = Debug|Any CPU
		{EE3CB625-57A2-48AF-B6F1-538DEC88B2EC}.Debug|Any CPU.Build.0 = Debug|Any CPU
		{EE3CB625-57A2-48AF-B6F1-538DEC88B2EC}.Release|Any CPU.ActiveCfg = Release|Any CPU
		{EE3CB625-57A2-48AF-B6F1-538DEC88B2EC}.Release|Any CPU.Build.0 = Release|Any CPU
	EndGlobalSection
	GlobalSection(SolutionProperties) = preSolution
		HideSolutionNode = FALSE
	EndGlobalSection
	GlobalSection(ExtensibilityGlobals) = postSolution
		SolutionGuid = {454B3D91-9F19-4303-BCED-72DB73129B38}
	EndGlobalSection
EndGlobal
